
Microsoft Visual Studio Solution File, Format Version 12.00
# Visual Studio 15
VisualStudioVersion = 15.0.26730.12
MinimumVisualStudioVersion = 10.0.40219.1
Project("{FAE04EC0-301F-11D3-BF4B-00C04F79EFBC}") = "rpbd_lw2", "rpbd_lw2\rpbd_lw2.csproj", "{440E3EDC-4891-4445-9807-012A871DB89A}"
EndProject
Global
	GlobalSection(SolutionConfigurationPlatforms) = preSolution
		Debug|Any CPU = Debug|Any CPU
		Release|Any CPU = Release|Any CPU
	EndGlobalSection
	GlobalSection(ProjectConfigurationPlatforms) = postSolution
		{440E3EDC-4891-4445-9807-012A871DB89A}.Debug|Any CPU.ActiveCfg = Debug|Any CPU
		{440E3EDC-4891-4445-9807-012A871DB89A}.Debug|Any CPU.Build.0 = Debug|Any CPU
		{440E3EDC-4891-4445-9807-012A871DB89A}.Release|Any CPU.ActiveCfg = Release|Any CPU
		{440E3EDC-4891-4445-9807-012A871DB89A}.Release|Any CPU.Build.0 = Release|Any CPU
	EndGlobalSection
	GlobalSection(SolutionProperties) = preSolution
		HideSolutionNode = FALSE
	EndGlobalSection
	GlobalSection(ExtensibilityGlobals) = postSolution
		SolutionGuid = {55EB64FB-C30B-406E-835C-7CEEEFCE8B3A}
	EndGlobalSection
EndGlobal
